
Microsoft Visual Studio Solution File, Format Version 12.00
# Visual Studio Version 17
VisualStudioVersion = 17.7.34221.43
MinimumVisualStudioVersion = 10.0.40219.1
Project("{FAE04EC0-301F-11D3-BF4B-00C04F79EFBC}") = "GXI86S_HFT_2023241.Client", "GXI86S_HFT_2023241.Client\GXI86S_HFT_2023241.Client.csproj", "{5A75721D-01CC-49AD-A246-4D68DCECACFF}"
EndProject
Global
	GlobalSection(SolutionConfigurationPlatforms) = preSolution
		Debug|Any CPU = Debug|Any CPU
		Release|Any CPU = Release|Any CPU
	EndGlobalSection
	GlobalSection(ProjectConfigurationPlatforms) = postSolution
		{5A75721D-01CC-49AD-A246-4D68DCECACFF}.Debug|Any CPU.ActiveCfg = Debug|Any CPU
		{5A75721D-01CC-49AD-A246-4D68DCECACFF}.Debug|Any CPU.Build.0 = Debug|Any CPU
		{5A75721D-01CC-49AD-A246-4D68DCECACFF}.Release|Any CPU.ActiveCfg = Release|Any CPU
		{5A75721D-01CC-49AD-A246-4D68DCECACFF}.Release|Any CPU.Build.0 = Release|Any CPU
	EndGlobalSection
	GlobalSection(SolutionProperties) = preSolution
		HideSolutionNode = FALSE
	EndGlobalSection
	GlobalSection(ExtensibilityGlobals) = postSolution
		SolutionGuid = {AD185362-2832-4EEE-A1FA-BD8C3745158B}
	EndGlobalSection
EndGlobal
