
Microsoft Visual Studio Solution File, Format Version 12.00
# Visual Studio Version 17
VisualStudioVersion = 17.7.34221.43
MinimumVisualStudioVersion = 10.0.40219.1
Project("{9A19103F-16F7-4668-BE54-9A1E7A4F7556}") = "GXI86S_HFT_2023241.Client", "GXI86S_HFT_2023241.Client\GXI86S_HFT_2023241.Client.csproj", "{5A75721D-01CC-49AD-A246-4D68DCECACFF}"
	ProjectSection(ProjectDependencies) = postProject
		{16D7AF32-7ABB-4336-83CC-7A05C4879139} = {16D7AF32-7ABB-4336-83CC-7A05C4879139}
	EndProjectSection
EndProject
Project("{2150E333-8FDC-42A3-9474-1A3956D46DE8}") = "Frontend", "Frontend", "{4FAE790D-AAE0-42AC-853A-00700E8D5B57}"
EndProject
Project("{2150E333-8FDC-42A3-9474-1A3956D46DE8}") = "Backend", "Backend", "{61B13D35-453A-47CF-B7B1-6F82AB26086D}"
EndProject
Project("{2150E333-8FDC-42A3-9474-1A3956D46DE8}") = "Shared", "Shared", "{A85FCBCD-5E8E-4055-86B8-7B824B5F7564}"
EndProject
Project("{9A19103F-16F7-4668-BE54-9A1E7A4F7556}") = "GXI86S_HFT_2023241.Models", "GXI86S_HFT_2023241.Models\GXI86S_HFT_2023241.Models.csproj", "{16D7AF32-7ABB-4336-83CC-7A05C4879139}"
EndProject
Project("{9A19103F-16F7-4668-BE54-9A1E7A4F7556}") = "GXI86S_HFT_2023241.Endpoint", "GXI86S_HFT_2023241.Endpoint\GXI86S_HFT_2023241.Endpoint.csproj", "{B285565F-B823-44E2-877E-BC50AE634C61}"
	ProjectSection(ProjectDependencies) = postProject
		{16D7AF32-7ABB-4336-83CC-7A05C4879139} = {16D7AF32-7ABB-4336-83CC-7A05C4879139}
		{56C000E2-F9D1-4265-A85C-B72755AC0A3B} = {56C000E2-F9D1-4265-A85C-B72755AC0A3B}
		{D78D3517-711E-4971-9818-97D1A0414C26} = {D78D3517-711E-4971-9818-97D1A0414C26}
	EndProjectSection
EndProject
Project("{9A19103F-16F7-4668-BE54-9A1E7A4F7556}") = "GXI86S_HFT_2023241.Logic", "GXI86S_HFT_2023241.Logic\GXI86S_HFT_2023241.Logic.csproj", "{56C000E2-F9D1-4265-A85C-B72755AC0A3B}"
	ProjectSection(ProjectDependencies) = postProject
		{16D7AF32-7ABB-4336-83CC-7A05C4879139} = {16D7AF32-7ABB-4336-83CC-7A05C4879139}
		{D78D3517-711E-4971-9818-97D1A0414C26} = {D78D3517-711E-4971-9818-97D1A0414C26}
	EndProjectSection
EndProject
Project("{9A19103F-16F7-4668-BE54-9A1E7A4F7556}") = "GXI86S_HFT_2023241.Repository", "GXI86S_HFT_2023241.Repository\GXI86S_HFT_2023241.Repository.csproj", "{D78D3517-711E-4971-9818-97D1A0414C26}"
	ProjectSection(ProjectDependencies) = postProject
		{16D7AF32-7ABB-4336-83CC-7A05C4879139} = {16D7AF32-7ABB-4336-83CC-7A05C4879139}
	EndProjectSection
EndProject
Project("{9A19103F-16F7-4668-BE54-9A1E7A4F7556}") = "GXI86S_HFT_2023241.Test", "GXI86S_HFT_2023241.Test\GXI86S_HFT_2023241.Test.csproj", "{B9983110-D65D-4F79-AEEF-1EC34C11BEC7}"
	ProjectSection(ProjectDependencies) = postProject
		{16D7AF32-7ABB-4336-83CC-7A05C4879139} = {16D7AF32-7ABB-4336-83CC-7A05C4879139}
		{56C000E2-F9D1-4265-A85C-B72755AC0A3B} = {56C000E2-F9D1-4265-A85C-B72755AC0A3B}
		{D78D3517-711E-4971-9818-97D1A0414C26} = {D78D3517-711E-4971-9818-97D1A0414C26}
	EndProjectSection
EndProject
Project("{2150E333-8FDC-42A3-9474-1A3956D46DE8}") = "Others", "Others", "{F763EB9C-B3A2-4EBD-A616-1718CDF3B1A6}"
	ProjectSection(SolutionItems) = preProject
		.gitignore = .gitignore
	EndProjectSection
EndProject
Global
	GlobalSection(SolutionConfigurationPlatforms) = preSolution
		Debug|Any CPU = Debug|Any CPU
		Release|Any CPU = Release|Any CPU
	EndGlobalSection
	GlobalSection(ProjectConfigurationPlatforms) = postSolution
		{5A75721D-01CC-49AD-A246-4D68DCECACFF}.Debug|Any CPU.ActiveCfg = Debug|Any CPU
		{5A75721D-01CC-49AD-A246-4D68DCECACFF}.Debug|Any CPU.Build.0 = Debug|Any CPU
		{5A75721D-01CC-49AD-A246-4D68DCECACFF}.Release|Any CPU.ActiveCfg = Release|Any CPU
		{5A75721D-01CC-49AD-A246-4D68DCECACFF}.Release|Any CPU.Build.0 = Release|Any CPU
		{16D7AF32-7ABB-4336-83CC-7A05C4879139}.Debug|Any CPU.ActiveCfg = Debug|Any CPU
		{16D7AF32-7ABB-4336-83CC-7A05C4879139}.Debug|Any CPU.Build.0 = Debug|Any CPU
		{16D7AF32-7ABB-4336-83CC-7A05C4879139}.Release|Any CPU.ActiveCfg = Release|Any CPU
		{16D7AF32-7ABB-4336-83CC-7A05C4879139}.Release|Any CPU.Build.0 = Release|Any CPU
		{B285565F-B823-44E2-877E-BC50AE634C61}.Debug|Any CPU.ActiveCfg = Debug|Any CPU
		{B285565F-B823-44E2-877E-BC50AE634C61}.Debug|Any CPU.Build.0 = Debug|Any CPU
		{B285565F-B823-44E2-877E-BC50AE634C61}.Release|Any CPU.ActiveCfg = Release|Any CPU
		{B285565F-B823-44E2-877E-BC50AE634C61}.Release|Any CPU.Build.0 = Release|Any CPU
		{56C000E2-F9D1-4265-A85C-B72755AC0A3B}.Debug|Any CPU.ActiveCfg = Debug|Any CPU
		{56C000E2-F9D1-4265-A85C-B72755AC0A3B}.Debug|Any CPU.Build.0 = Debug|Any CPU
		{56C000E2-F9D1-4265-A85C-B72755AC0A3B}.Release|Any CPU.ActiveCfg = Release|Any CPU
		{56C000E2-F9D1-4265-A85C-B72755AC0A3B}.Release|Any CPU.Build.0 = Release|Any CPU
		{D78D3517-711E-4971-9818-97D1A0414C26}.Debug|Any CPU.ActiveCfg = Debug|Any CPU
		{D78D3517-711E-4971-9818-97D1A0414C26}.Debug|Any CPU.Build.0 = Debug|Any CPU
		{D78D3517-711E-4971-9818-97D1A0414C26}.Release|Any CPU.ActiveCfg = Release|Any CPU
		{D78D3517-711E-4971-9818-97D1A0414C26}.Release|Any CPU.Build.0 = Release|Any CPU
		{B9983110-D65D-4F79-AEEF-1EC34C11BEC7}.Debug|Any CPU.ActiveCfg = Debug|Any CPU
		{B9983110-D65D-4F79-AEEF-1EC34C11BEC7}.Debug|Any CPU.Build.0 = Debug|Any CPU
		{B9983110-D65D-4F79-AEEF-1EC34C11BEC7}.Release|Any CPU.ActiveCfg = Release|Any CPU
		{B9983110-D65D-4F79-AEEF-1EC34C11BEC7}.Release|Any CPU.Build.0 = Release|Any CPU
	EndGlobalSection
	GlobalSection(SolutionProperties) = preSolution
		HideSolutionNode = FALSE
	EndGlobalSection
	GlobalSection(NestedProjects) = preSolution
		{5A75721D-01CC-49AD-A246-4D68DCECACFF} = {4FAE790D-AAE0-42AC-853A-00700E8D5B57}
		{16D7AF32-7ABB-4336-83CC-7A05C4879139} = {A85FCBCD-5E8E-4055-86B8-7B824B5F7564}
		{B285565F-B823-44E2-877E-BC50AE634C61} = {61B13D35-453A-47CF-B7B1-6F82AB26086D}
		{56C000E2-F9D1-4265-A85C-B72755AC0A3B} = {61B13D35-453A-47CF-B7B1-6F82AB26086D}
		{D78D3517-711E-4971-9818-97D1A0414C26} = {61B13D35-453A-47CF-B7B1-6F82AB26086D}
		{B9983110-D65D-4F79-AEEF-1EC34C11BEC7} = {61B13D35-453A-47CF-B7B1-6F82AB26086D}
	EndGlobalSection
	GlobalSection(ExtensibilityGlobals) = postSolution
		SolutionGuid = {AD185362-2832-4EEE-A1FA-BD8C3745158B}
	EndGlobalSection
EndGlobal
